
Microsoft Visual Studio Solution File, Format Version 12.00
# Visual Studio 15
VisualStudioVersion = 15.0.28010.2041
MinimumVisualStudioVersion = 10.0.40219.1
Project("{FAE04EC0-301F-11D3-BF4B-00C04F79EFBC}") = "AkFrmMain", "AkFrmMain\AkFrmMain.csproj", "{679EE4E0-E033-46B1-885F-74701AAEECD3}"
EndProject
Global
	GlobalSection(SolutionConfigurationPlatforms) = preSolution
		Debug|Any CPU = Debug|Any CPU
		Release|Any CPU = Release|Any CPU
	EndGlobalSection
	GlobalSection(ProjectConfigurationPlatforms) = postSolution
		{679EE4E0-E033-46B1-885F-74701AAEECD3}.Debug|Any CPU.ActiveCfg = Debug|Any CPU
		{679EE4E0-E033-46B1-885F-74701AAEECD3}.Debug|Any CPU.Build.0 = Debug|Any CPU
		{679EE4E0-E033-46B1-885F-74701AAEECD3}.Release|Any CPU.ActiveCfg = Release|Any CPU
		{679EE4E0-E033-46B1-885F-74701AAEECD3}.Release|Any CPU.Build.0 = Release|Any CPU
	EndGlobalSection
	GlobalSection(SolutionProperties) = preSolution
		HideSolutionNode = FALSE
	EndGlobalSection
	GlobalSection(ExtensibilityGlobals) = postSolution
		SolutionGuid = {6A837819-EA9F-4FDC-B588-8FC3CC0789E5}
	EndGlobalSection
EndGlobal
